// !$*UTF8*$!
{
	archiveVersion = 1;
	classes = {
	};
	objectVersion = 55;
	objects = {

/* Begin PBXBuildFile section */
		052F9AA5282AE36200D62F10 /* AppDelegate.swift in Sources */ = {isa = PBXBuildFile; fileRef = 052F9AA4282AE36200D62F10 /* AppDelegate.swift */; };
		052F9AA7282AE36200D62F10 /* SceneDelegate.swift in Sources */ = {isa = PBXBuildFile; fileRef = 052F9AA6282AE36200D62F10 /* SceneDelegate.swift */; };
		052F9AA9282AE36200D62F10 /* MainFeedViewController.swift in Sources */ = {isa = PBXBuildFile; fileRef = 052F9AA8282AE36200D62F10 /* MainFeedViewController.swift */; };
		052F9AAE282AE36300D62F10 /* Assets.xcassets in Resources */ = {isa = PBXBuildFile; fileRef = 052F9AAD282AE36300D62F10 /* Assets.xcassets */; };
		052F9AB1282AE36300D62F10 /* LaunchScreen.storyboard in Resources */ = {isa = PBXBuildFile; fileRef = 052F9AAF282AE36300D62F10 /* LaunchScreen.storyboard */; };
		052F9ABC282AE36300D62F10 /* xkcdTests.swift in Sources */ = {isa = PBXBuildFile; fileRef = 052F9ABB282AE36300D62F10 /* xkcdTests.swift */; };
		052F9AC6282AE36300D62F10 /* xkcdUITests.swift in Sources */ = {isa = PBXBuildFile; fileRef = 052F9AC5282AE36300D62F10 /* xkcdUITests.swift */; };
		052F9AC8282AE36300D62F10 /* xkcdUITestsLaunchTests.swift in Sources */ = {isa = PBXBuildFile; fileRef = 052F9AC7282AE36300D62F10 /* xkcdUITestsLaunchTests.swift */; };
		05E9C85A282B207000698276 /* Comic.swift in Sources */ = {isa = PBXBuildFile; fileRef = 05E9C859282B207000698276 /* Comic.swift */; };
		05E9C85F282B21AA00698276 /* RemoteComicDataSource.swift in Sources */ = {isa = PBXBuildFile; fileRef = 05E9C85E282B21AA00698276 /* RemoteComicDataSource.swift */; };
		05E9C861282B224500698276 /* ComicDataSource.swift in Sources */ = {isa = PBXBuildFile; fileRef = 05E9C860282B224500698276 /* ComicDataSource.swift */; };
		05E9C864282B431C00698276 /* ComicRepository.swift in Sources */ = {isa = PBXBuildFile; fileRef = 05E9C863282B431C00698276 /* ComicRepository.swift */; };
		05E9C866282B49EE00698276 /* ReadOnlyComicRepository.swift in Sources */ = {isa = PBXBuildFile; fileRef = 05E9C865282B49EE00698276 /* ReadOnlyComicRepository.swift */; };
		05E9C868282B7BC000698276 /* MainFeedViewModel.swift in Sources */ = {isa = PBXBuildFile; fileRef = 05E9C867282B7BC000698276 /* MainFeedViewModel.swift */; };
/* End PBXBuildFile section */

/* Begin PBXContainerItemProxy section */
		052F9AB8282AE36300D62F10 /* PBXContainerItemProxy */ = {
			isa = PBXContainerItemProxy;
			containerPortal = 052F9A99282AE36200D62F10 /* Project object */;
			proxyType = 1;
			remoteGlobalIDString = 052F9AA0282AE36200D62F10;
			remoteInfo = xkcd;
		};
		052F9AC2282AE36300D62F10 /* PBXContainerItemProxy */ = {
			isa = PBXContainerItemProxy;
			containerPortal = 052F9A99282AE36200D62F10 /* Project object */;
			proxyType = 1;
			remoteGlobalIDString = 052F9AA0282AE36200D62F10;
			remoteInfo = xkcd;
		};
/* End PBXContainerItemProxy section */

/* Begin PBXFileReference section */
		052F9AA1282AE36200D62F10 /* xkcd.app */ = {isa = PBXFileReference; explicitFileType = wrapper.application; includeInIndex = 0; path = xkcd.app; sourceTree = BUILT_PRODUCTS_DIR; };
		052F9AA4282AE36200D62F10 /* AppDelegate.swift */ = {isa = PBXFileReference; lastKnownFileType = sourcecode.swift; path = AppDelegate.swift; sourceTree = "<group>"; };
		052F9AA6282AE36200D62F10 /* SceneDelegate.swift */ = {isa = PBXFileReference; lastKnownFileType = sourcecode.swift; path = SceneDelegate.swift; sourceTree = "<group>"; };
		052F9AA8282AE36200D62F10 /* MainFeedViewController.swift */ = {isa = PBXFileReference; lastKnownFileType = sourcecode.swift; path = MainFeedViewController.swift; sourceTree = "<group>"; };
		052F9AAD282AE36300D62F10 /* Assets.xcassets */ = {isa = PBXFileReference; lastKnownFileType = folder.assetcatalog; path = Assets.xcassets; sourceTree = "<group>"; };
		052F9AB0282AE36300D62F10 /* Base */ = {isa = PBXFileReference; lastKnownFileType = file.storyboard; name = Base; path = Base.lproj/LaunchScreen.storyboard; sourceTree = "<group>"; };
		052F9AB2282AE36300D62F10 /* Info.plist */ = {isa = PBXFileReference; lastKnownFileType = text.plist.xml; path = Info.plist; sourceTree = "<group>"; };
		052F9AB7282AE36300D62F10 /* xkcdTests.xctest */ = {isa = PBXFileReference; explicitFileType = wrapper.cfbundle; includeInIndex = 0; path = xkcdTests.xctest; sourceTree = BUILT_PRODUCTS_DIR; };
		052F9ABB282AE36300D62F10 /* xkcdTests.swift */ = {isa = PBXFileReference; lastKnownFileType = sourcecode.swift; path = xkcdTests.swift; sourceTree = "<group>"; };
		052F9AC1282AE36300D62F10 /* xkcdUITests.xctest */ = {isa = PBXFileReference; explicitFileType = wrapper.cfbundle; includeInIndex = 0; path = xkcdUITests.xctest; sourceTree = BUILT_PRODUCTS_DIR; };
		052F9AC5282AE36300D62F10 /* xkcdUITests.swift */ = {isa = PBXFileReference; lastKnownFileType = sourcecode.swift; path = xkcdUITests.swift; sourceTree = "<group>"; };
		052F9AC7282AE36300D62F10 /* xkcdUITestsLaunchTests.swift */ = {isa = PBXFileReference; lastKnownFileType = sourcecode.swift; path = xkcdUITestsLaunchTests.swift; sourceTree = "<group>"; };
		05E9C859282B207000698276 /* Comic.swift */ = {isa = PBXFileReference; lastKnownFileType = sourcecode.swift; path = Comic.swift; sourceTree = "<group>"; };
		05E9C85E282B21AA00698276 /* RemoteComicDataSource.swift */ = {isa = PBXFileReference; lastKnownFileType = sourcecode.swift; path = RemoteComicDataSource.swift; sourceTree = "<group>"; };
		05E9C860282B224500698276 /* ComicDataSource.swift */ = {isa = PBXFileReference; lastKnownFileType = sourcecode.swift; path = ComicDataSource.swift; sourceTree = "<group>"; };
		05E9C863282B431C00698276 /* ComicRepository.swift */ = {isa = PBXFileReference; lastKnownFileType = sourcecode.swift; path = ComicRepository.swift; sourceTree = "<group>"; };
		05E9C865282B49EE00698276 /* ReadOnlyComicRepository.swift */ = {isa = PBXFileReference; lastKnownFileType = sourcecode.swift; path = ReadOnlyComicRepository.swift; sourceTree = "<group>"; };
		05E9C867282B7BC000698276 /* MainFeedViewModel.swift */ = {isa = PBXFileReference; lastKnownFileType = sourcecode.swift; path = MainFeedViewModel.swift; sourceTree = "<group>"; };
/* End PBXFileReference section */

/* Begin PBXFrameworksBuildPhase section */
		052F9A9E282AE36200D62F10 /* Frameworks */ = {
			isa = PBXFrameworksBuildPhase;
			buildActionMask = 2147483647;
			files = (
			);
			runOnlyForDeploymentPostprocessing = 0;
		};
		052F9AB4282AE36300D62F10 /* Frameworks */ = {
			isa = PBXFrameworksBuildPhase;
			buildActionMask = 2147483647;
			files = (
			);
			runOnlyForDeploymentPostprocessing = 0;
		};
		052F9ABE282AE36300D62F10 /* Frameworks */ = {
			isa = PBXFrameworksBuildPhase;
			buildActionMask = 2147483647;
			files = (
			);
			runOnlyForDeploymentPostprocessing = 0;
		};
/* End PBXFrameworksBuildPhase section */

/* Begin PBXGroup section */
		052F9A98282AE36200D62F10 = {
			isa = PBXGroup;
			children = (
				052F9AA3282AE36200D62F10 /* Source */,
				05E9C856282AE55800698276 /* Resources */,
				052F9ABA282AE36300D62F10 /* xkcdTests */,
				052F9AC4282AE36300D62F10 /* xkcdUITests */,
				052F9AA2282AE36200D62F10 /* Products */,
			);
			sourceTree = "<group>";
		};
		052F9AA2282AE36200D62F10 /* Products */ = {
			isa = PBXGroup;
			children = (
				052F9AA1282AE36200D62F10 /* xkcd.app */,
				052F9AB7282AE36300D62F10 /* xkcdTests.xctest */,
				052F9AC1282AE36300D62F10 /* xkcdUITests.xctest */,
			);
			name = Products;
			sourceTree = "<group>";
		};
		052F9AA3282AE36200D62F10 /* Source */ = {
			isa = PBXGroup;
			children = (
				05E9C858282AE56800698276 /* Data */,
				05E9C857282AE56000698276 /* UI */,
				052F9AA4282AE36200D62F10 /* AppDelegate.swift */,
				052F9AA6282AE36200D62F10 /* SceneDelegate.swift */,
			);
			path = Source;
			sourceTree = "<group>";
		};
		052F9ABA282AE36300D62F10 /* xkcdTests */ = {
			isa = PBXGroup;
			children = (
				052F9ABB282AE36300D62F10 /* xkcdTests.swift */,
			);
			path = xkcdTests;
			sourceTree = "<group>";
		};
		052F9AC4282AE36300D62F10 /* xkcdUITests */ = {
			isa = PBXGroup;
			children = (
				052F9AC5282AE36300D62F10 /* xkcdUITests.swift */,
				052F9AC7282AE36300D62F10 /* xkcdUITestsLaunchTests.swift */,
			);
			path = xkcdUITests;
			sourceTree = "<group>";
		};
		05E9C856282AE55800698276 /* Resources */ = {
			isa = PBXGroup;
			children = (
				052F9AAD282AE36300D62F10 /* Assets.xcassets */,
				052F9AAF282AE36300D62F10 /* LaunchScreen.storyboard */,
				052F9AB2282AE36300D62F10 /* Info.plist */,
			);
			path = Resources;
			sourceTree = "<group>";
		};
		05E9C857282AE56000698276 /* UI */ = {
			isa = PBXGroup;
			children = (
				05E9C85C282B215200698276 /* MainFeed */,
			);
			path = UI;
			sourceTree = "<group>";
		};
		05E9C858282AE56800698276 /* Data */ = {
			isa = PBXGroup;
			children = (
				05E9C862282B427700698276 /* Repositories */,
				05E9C85D282B216E00698276 /* DataSources */,
				05E9C85B282B214A00698276 /* Models */,
			);
			path = Data;
			sourceTree = "<group>";
		};
		05E9C85B282B214A00698276 /* Models */ = {
			isa = PBXGroup;
			children = (
				05E9C859282B207000698276 /* Comic.swift */,
			);
			path = Models;
			sourceTree = "<group>";
		};
		05E9C85C282B215200698276 /* MainFeed */ = {
			isa = PBXGroup;
			children = (
				05E9C867282B7BC000698276 /* MainFeedViewModel.swift */,
				052F9AA8282AE36200D62F10 /* MainFeedViewController.swift */,
			);
			path = MainFeed;
			sourceTree = "<group>";
		};
		05E9C85D282B216E00698276 /* DataSources */ = {
			isa = PBXGroup;
			children = (
				05E9C860282B224500698276 /* ComicDataSource.swift */,
				05E9C85E282B21AA00698276 /* RemoteComicDataSource.swift */,
			);
			path = DataSources;
			sourceTree = "<group>";
		};
		05E9C862282B427700698276 /* Repositories */ = {
			isa = PBXGroup;
			children = (
				05E9C863282B431C00698276 /* ComicRepository.swift */,
				05E9C865282B49EE00698276 /* ReadOnlyComicRepository.swift */,
			);
			path = Repositories;
			sourceTree = "<group>";
		};
/* End PBXGroup section */

/* Begin PBXNativeTarget section */
		052F9AA0282AE36200D62F10 /* xkcd */ = {
			isa = PBXNativeTarget;
			buildConfigurationList = 052F9ACB282AE36300D62F10 /* Build configuration list for PBXNativeTarget "xkcd" */;
			buildPhases = (
				052F9A9D282AE36200D62F10 /* Sources */,
				052F9A9E282AE36200D62F10 /* Frameworks */,
				052F9A9F282AE36200D62F10 /* Resources */,
			);
			buildRules = (
			);
			dependencies = (
			);
			name = xkcd;
			productName = xkcd;
			productReference = 052F9AA1282AE36200D62F10 /* xkcd.app */;
			productType = "com.apple.product-type.application";
		};
		052F9AB6282AE36300D62F10 /* xkcdTests */ = {
			isa = PBXNativeTarget;
			buildConfigurationList = 052F9ACE282AE36300D62F10 /* Build configuration list for PBXNativeTarget "xkcdTests" */;
			buildPhases = (
				052F9AB3282AE36300D62F10 /* Sources */,
				052F9AB4282AE36300D62F10 /* Frameworks */,
				052F9AB5282AE36300D62F10 /* Resources */,
			);
			buildRules = (
			);
			dependencies = (
				052F9AB9282AE36300D62F10 /* PBXTargetDependency */,
			);
			name = xkcdTests;
			productName = xkcdTests;
			productReference = 052F9AB7282AE36300D62F10 /* xkcdTests.xctest */;
			productType = "com.apple.product-type.bundle.unit-test";
		};
		052F9AC0282AE36300D62F10 /* xkcdUITests */ = {
			isa = PBXNativeTarget;
			buildConfigurationList = 052F9AD1282AE36300D62F10 /* Build configuration list for PBXNativeTarget "xkcdUITests" */;
			buildPhases = (
				052F9ABD282AE36300D62F10 /* Sources */,
				052F9ABE282AE36300D62F10 /* Frameworks */,
				052F9ABF282AE36300D62F10 /* Resources */,
			);
			buildRules = (
			);
			dependencies = (
				052F9AC3282AE36300D62F10 /* PBXTargetDependency */,
			);
			name = xkcdUITests;
			productName = xkcdUITests;
			productReference = 052F9AC1282AE36300D62F10 /* xkcdUITests.xctest */;
			productType = "com.apple.product-type.bundle.ui-testing";
		};
/* End PBXNativeTarget section */

/* Begin PBXProject section */
		052F9A99282AE36200D62F10 /* Project object */ = {
			isa = PBXProject;
			attributes = {
				BuildIndependentTargetsInParallel = 1;
				LastSwiftUpdateCheck = 1330;
				LastUpgradeCheck = 1330;
				TargetAttributes = {
					052F9AA0282AE36200D62F10 = {
						CreatedOnToolsVersion = 13.3.1;
					};
					052F9AB6282AE36300D62F10 = {
						CreatedOnToolsVersion = 13.3.1;
						TestTargetID = 052F9AA0282AE36200D62F10;
					};
					052F9AC0282AE36300D62F10 = {
						CreatedOnToolsVersion = 13.3.1;
						TestTargetID = 052F9AA0282AE36200D62F10;
					};
				};
			};
			buildConfigurationList = 052F9A9C282AE36200D62F10 /* Build configuration list for PBXProject "xkcd" */;
			compatibilityVersion = "Xcode 13.0";
			developmentRegion = en;
			hasScannedForEncodings = 0;
			knownRegions = (
				en,
				Base,
			);
			mainGroup = 052F9A98282AE36200D62F10;
			productRefGroup = 052F9AA2282AE36200D62F10 /* Products */;
			projectDirPath = "";
			projectRoot = "";
			targets = (
				052F9AA0282AE36200D62F10 /* xkcd */,
				052F9AB6282AE36300D62F10 /* xkcdTests */,
				052F9AC0282AE36300D62F10 /* xkcdUITests */,
			);
		};
/* End PBXProject section */

/* Begin PBXResourcesBuildPhase section */
		052F9A9F282AE36200D62F10 /* Resources */ = {
			isa = PBXResourcesBuildPhase;
			buildActionMask = 2147483647;
			files = (
				052F9AB1282AE36300D62F10 /* LaunchScreen.storyboard in Resources */,
				052F9AAE282AE36300D62F10 /* Assets.xcassets in Resources */,
			);
			runOnlyForDeploymentPostprocessing = 0;
		};
		052F9AB5282AE36300D62F10 /* Resources */ = {
			isa = PBXResourcesBuildPhase;
			buildActionMask = 2147483647;
			files = (
			);
			runOnlyForDeploymentPostprocessing = 0;
		};
		052F9ABF282AE36300D62F10 /* Resources */ = {
			isa = PBXResourcesBuildPhase;
			buildActionMask = 2147483647;
			files = (
			);
			runOnlyForDeploymentPostprocessing = 0;
		};
/* End PBXResourcesBuildPhase section */

/* Begin PBXSourcesBuildPhase section */
		052F9A9D282AE36200D62F10 /* Sources */ = {
			isa = PBXSourcesBuildPhase;
			buildActionMask = 2147483647;
			files = (
				05E9C85F282B21AA00698276 /* RemoteComicDataSource.swift in Sources */,
				052F9AA9282AE36200D62F10 /* MainFeedViewController.swift in Sources */,
				05E9C85A282B207000698276 /* Comic.swift in Sources */,
				05E9C864282B431C00698276 /* ComicRepository.swift in Sources */,
				052F9AA5282AE36200D62F10 /* AppDelegate.swift in Sources */,
				05E9C866282B49EE00698276 /* ReadOnlyComicRepository.swift in Sources */,
				05E9C868282B7BC000698276 /* MainFeedViewModel.swift in Sources */,
				05E9C861282B224500698276 /* ComicDataSource.swift in Sources */,
				052F9AA7282AE36200D62F10 /* SceneDelegate.swift in Sources */,
			);
			runOnlyForDeploymentPostprocessing = 0;
		};
		052F9AB3282AE36300D62F10 /* Sources */ = {
			isa = PBXSourcesBuildPhase;
			buildActionMask = 2147483647;
			files = (
				052F9ABC282AE36300D62F10 /* xkcdTests.swift in Sources */,
			);
			runOnlyForDeploymentPostprocessing = 0;
		};
		052F9ABD282AE36300D62F10 /* Sources */ = {
			isa = PBXSourcesBuildPhase;
			buildActionMask = 2147483647;
			files = (
				052F9AC8282AE36300D62F10 /* xkcdUITestsLaunchTests.swift in Sources */,
				052F9AC6282AE36300D62F10 /* xkcdUITests.swift in Sources */,
			);
			runOnlyForDeploymentPostprocessing = 0;
		};
/* End PBXSourcesBuildPhase section */

/* Begin PBXTargetDependency section */
		052F9AB9282AE36300D62F10 /* PBXTargetDependency */ = {
			isa = PBXTargetDependency;
			target = 052F9AA0282AE36200D62F10 /* xkcd */;
			targetProxy = 052F9AB8282AE36300D62F10 /* PBXContainerItemProxy */;
		};
		052F9AC3282AE36300D62F10 /* PBXTargetDependency */ = {
			isa = PBXTargetDependency;
			target = 052F9AA0282AE36200D62F10 /* xkcd */;
			targetProxy = 052F9AC2282AE36300D62F10 /* PBXContainerItemProxy */;
		};
/* End PBXTargetDependency section */

/* Begin PBXVariantGroup section */
		052F9AAF282AE36300D62F10 /* LaunchScreen.storyboard */ = {
			isa = PBXVariantGroup;
			children = (
				052F9AB0282AE36300D62F10 /* Base */,
			);
			name = LaunchScreen.storyboard;
			sourceTree = "<group>";
		};
/* End PBXVariantGroup section */

/* Begin XCBuildConfiguration section */
		052F9AC9282AE36300D62F10 /* Debug */ = {
			isa = XCBuildConfiguration;
			buildSettings = {
				ALWAYS_SEARCH_USER_PATHS = NO;
				CLANG_ANALYZER_NONNULL = YES;
				CLANG_ANALYZER_NUMBER_OBJECT_CONVERSION = YES_AGGRESSIVE;
				CLANG_CXX_LANGUAGE_STANDARD = "gnu++17";
				CLANG_ENABLE_MODULES = YES;
				CLANG_ENABLE_OBJC_ARC = YES;
				CLANG_ENABLE_OBJC_WEAK = YES;
				CLANG_WARN_BLOCK_CAPTURE_AUTORELEASING = YES;
				CLANG_WARN_BOOL_CONVERSION = YES;
				CLANG_WARN_COMMA = YES;
				CLANG_WARN_CONSTANT_CONVERSION = YES;
				CLANG_WARN_DEPRECATED_OBJC_IMPLEMENTATIONS = YES;
				CLANG_WARN_DIRECT_OBJC_ISA_USAGE = YES_ERROR;
				CLANG_WARN_DOCUMENTATION_COMMENTS = YES;
				CLANG_WARN_EMPTY_BODY = YES;
				CLANG_WARN_ENUM_CONVERSION = YES;
				CLANG_WARN_INFINITE_RECURSION = YES;
				CLANG_WARN_INT_CONVERSION = YES;
				CLANG_WARN_NON_LITERAL_NULL_CONVERSION = YES;
				CLANG_WARN_OBJC_IMPLICIT_RETAIN_SELF = YES;
				CLANG_WARN_OBJC_LITERAL_CONVERSION = YES;
				CLANG_WARN_OBJC_ROOT_CLASS = YES_ERROR;
				CLANG_WARN_QUOTED_INCLUDE_IN_FRAMEWORK_HEADER = YES;
				CLANG_WARN_RANGE_LOOP_ANALYSIS = YES;
				CLANG_WARN_STRICT_PROTOTYPES = YES;
				CLANG_WARN_SUSPICIOUS_MOVE = YES;
				CLANG_WARN_UNGUARDED_AVAILABILITY = YES_AGGRESSIVE;
				CLANG_WARN_UNREACHABLE_CODE = YES;
				CLANG_WARN__DUPLICATE_METHOD_MATCH = YES;
				COPY_PHASE_STRIP = NO;
				DEBUG_INFORMATION_FORMAT = dwarf;
				ENABLE_STRICT_OBJC_MSGSEND = YES;
				ENABLE_TESTABILITY = YES;
				GCC_C_LANGUAGE_STANDARD = gnu11;
				GCC_DYNAMIC_NO_PIC = NO;
				GCC_NO_COMMON_BLOCKS = YES;
				GCC_OPTIMIZATION_LEVEL = 0;
				GCC_PREPROCESSOR_DEFINITIONS = (
					"DEBUG=1",
					"$(inherited)",
				);
				GCC_WARN_64_TO_32_BIT_CONVERSION = YES;
				GCC_WARN_ABOUT_RETURN_TYPE = YES_ERROR;
				GCC_WARN_UNDECLARED_SELECTOR = YES;
				GCC_WARN_UNINITIALIZED_AUTOS = YES_AGGRESSIVE;
				GCC_WARN_UNUSED_FUNCTION = YES;
				GCC_WARN_UNUSED_VARIABLE = YES;
				IPHONEOS_DEPLOYMENT_TARGET = 15.4;
				MTL_ENABLE_DEBUG_INFO = INCLUDE_SOURCE;
				MTL_FAST_MATH = YES;
				ONLY_ACTIVE_ARCH = YES;
				SDKROOT = iphoneos;
				SWIFT_ACTIVE_COMPILATION_CONDITIONS = DEBUG;
				SWIFT_OPTIMIZATION_LEVEL = "-Onone";
			};
			name = Debug;
		};
		052F9ACA282AE36300D62F10 /* Release */ = {
			isa = XCBuildConfiguration;
			buildSettings = {
				ALWAYS_SEARCH_USER_PATHS = NO;
				CLANG_ANALYZER_NONNULL = YES;
				CLANG_ANALYZER_NUMBER_OBJECT_CONVERSION = YES_AGGRESSIVE;
				CLANG_CXX_LANGUAGE_STANDARD = "gnu++17";
				CLANG_ENABLE_MODULES = YES;
				CLANG_ENABLE_OBJC_ARC = YES;
				CLANG_ENABLE_OBJC_WEAK = YES;
				CLANG_WARN_BLOCK_CAPTURE_AUTORELEASING = YES;
				CLANG_WARN_BOOL_CONVERSION = YES;
				CLANG_WARN_COMMA = YES;
				CLANG_WARN_CONSTANT_CONVERSION = YES;
				CLANG_WARN_DEPRECATED_OBJC_IMPLEMENTATIONS = YES;
				CLANG_WARN_DIRECT_OBJC_ISA_USAGE = YES_ERROR;
				CLANG_WARN_DOCUMENTATION_COMMENTS = YES;
				CLANG_WARN_EMPTY_BODY = YES;
				CLANG_WARN_ENUM_CONVERSION = YES;
				CLANG_WARN_INFINITE_RECURSION = YES;
				CLANG_WARN_INT_CONVERSION = YES;
				CLANG_WARN_NON_LITERAL_NULL_CONVERSION = YES;
				CLANG_WARN_OBJC_IMPLICIT_RETAIN_SELF = YES;
				CLANG_WARN_OBJC_LITERAL_CONVERSION = YES;
				CLANG_WARN_OBJC_ROOT_CLASS = YES_ERROR;
				CLANG_WARN_QUOTED_INCLUDE_IN_FRAMEWORK_HEADER = YES;
				CLANG_WARN_RANGE_LOOP_ANALYSIS = YES;
				CLANG_WARN_STRICT_PROTOTYPES = YES;
				CLANG_WARN_SUSPICIOUS_MOVE = YES;
				CLANG_WARN_UNGUARDED_AVAILABILITY = YES_AGGRESSIVE;
				CLANG_WARN_UNREACHABLE_CODE = YES;
				CLANG_WARN__DUPLICATE_METHOD_MATCH = YES;
				COPY_PHASE_STRIP = NO;
				DEBUG_INFORMATION_FORMAT = "dwarf-with-dsym";
				ENABLE_NS_ASSERTIONS = NO;
				ENABLE_STRICT_OBJC_MSGSEND = YES;
				GCC_C_LANGUAGE_STANDARD = gnu11;
				GCC_NO_COMMON_BLOCKS = YES;
				GCC_WARN_64_TO_32_BIT_CONVERSION = YES;
				GCC_WARN_ABOUT_RETURN_TYPE = YES_ERROR;
				GCC_WARN_UNDECLARED_SELECTOR = YES;
				GCC_WARN_UNINITIALIZED_AUTOS = YES_AGGRESSIVE;
				GCC_WARN_UNUSED_FUNCTION = YES;
				GCC_WARN_UNUSED_VARIABLE = YES;
				IPHONEOS_DEPLOYMENT_TARGET = 15.4;
				MTL_ENABLE_DEBUG_INFO = NO;
				MTL_FAST_MATH = YES;
				SDKROOT = iphoneos;
				SWIFT_COMPILATION_MODE = wholemodule;
				SWIFT_OPTIMIZATION_LEVEL = "-O";
				VALIDATE_PRODUCT = YES;
			};
			name = Release;
		};
		052F9ACC282AE36300D62F10 /* Debug */ = {
			isa = XCBuildConfiguration;
			buildSettings = {
				ASSETCATALOG_COMPILER_APPICON_NAME = AppIcon;
				ASSETCATALOG_COMPILER_GLOBAL_ACCENT_COLOR_NAME = AccentColor;
				CODE_SIGN_STYLE = Automatic;
				CURRENT_PROJECT_VERSION = 1;
				DEVELOPMENT_TEAM = H4EJPVDUSS;
				GENERATE_INFOPLIST_FILE = YES;
				INFOPLIST_FILE = Resources/Info.plist;
				INFOPLIST_KEY_UIApplicationSupportsIndirectInputEvents = YES;
				INFOPLIST_KEY_UILaunchStoryboardName = LaunchScreen;
				INFOPLIST_KEY_UISupportedInterfaceOrientations_iPad = "UIInterfaceOrientationPortrait UIInterfaceOrientationPortraitUpsideDown UIInterfaceOrientationLandscapeLeft UIInterfaceOrientationLandscapeRight";
				INFOPLIST_KEY_UISupportedInterfaceOrientations_iPhone = "UIInterfaceOrientationPortrait UIInterfaceOrientationLandscapeLeft UIInterfaceOrientationLandscapeRight";
				LD_RUNPATH_SEARCH_PATHS = (
					"$(inherited)",
					"@executable_path/Frameworks",
				);
				MARKETING_VERSION = 1.0;
				PRODUCT_BUNDLE_IDENTIFIER = dev.huynguyen.xkcd;
				PRODUCT_NAME = "$(TARGET_NAME)";
				SWIFT_EMIT_LOC_STRINGS = YES;
				SWIFT_VERSION = 5.0;
				TARGETED_DEVICE_FAMILY = "1,2";
			};
			name = Debug;
		};
		052F9ACD282AE36300D62F10 /* Release */ = {
			isa = XCBuildConfiguration;
			buildSettings = {
				ASSETCATALOG_COMPILER_APPICON_NAME = AppIcon;
				ASSETCATALOG_COMPILER_GLOBAL_ACCENT_COLOR_NAME = AccentColor;
				CODE_SIGN_STYLE = Automatic;
				CURRENT_PROJECT_VERSION = 1;
				DEVELOPMENT_TEAM = H4EJPVDUSS;
				GENERATE_INFOPLIST_FILE = YES;
				INFOPLIST_FILE = Resources/Info.plist;
				INFOPLIST_KEY_UIApplicationSupportsIndirectInputEvents = YES;
				INFOPLIST_KEY_UILaunchStoryboardName = LaunchScreen;
				INFOPLIST_KEY_UISupportedInterfaceOrientations_iPad = "UIInterfaceOrientationPortrait UIInterfaceOrientationPortraitUpsideDown UIInterfaceOrientationLandscapeLeft UIInterfaceOrientationLandscapeRight";
				INFOPLIST_KEY_UISupportedInterfaceOrientations_iPhone = "UIInterfaceOrientationPortrait UIInterfaceOrientationLandscapeLeft UIInterfaceOrientationLandscapeRight";
				LD_RUNPATH_SEARCH_PATHS = (
					"$(inherited)",
					"@executable_path/Frameworks",
				);
				MARKETING_VERSION = 1.0;
				PRODUCT_BUNDLE_IDENTIFIER = dev.huynguyen.xkcd;
				PRODUCT_NAME = "$(TARGET_NAME)";
				SWIFT_EMIT_LOC_STRINGS = YES;
				SWIFT_VERSION = 5.0;
				TARGETED_DEVICE_FAMILY = "1,2";
			};
			name = Release;
		};
		052F9ACF282AE36300D62F10 /* Debug */ = {
			isa = XCBuildConfiguration;
			buildSettings = {
				ALWAYS_EMBED_SWIFT_STANDARD_LIBRARIES = YES;
				BUNDLE_LOADER = "$(TEST_HOST)";
				CODE_SIGN_STYLE = Automatic;
				CURRENT_PROJECT_VERSION = 1;
				DEVELOPMENT_TEAM = H4EJPVDUSS;
				GENERATE_INFOPLIST_FILE = YES;
				IPHONEOS_DEPLOYMENT_TARGET = 15.4;
				MARKETING_VERSION = 1.0;
				PRODUCT_BUNDLE_IDENTIFIER = dev.huynguyen.xkcdTests;
				PRODUCT_NAME = "$(TARGET_NAME)";
				SWIFT_EMIT_LOC_STRINGS = NO;
				SWIFT_VERSION = 5.0;
				TARGETED_DEVICE_FAMILY = "1,2";
				TEST_HOST = "$(BUILT_PRODUCTS_DIR)/xkcd.app/xkcd";
			};
			name = Debug;
		};
		052F9AD0282AE36300D62F10 /* Release */ = {
			isa = XCBuildConfiguration;
			buildSettings = {
				ALWAYS_EMBED_SWIFT_STANDARD_LIBRARIES = YES;
				BUNDLE_LOADER = "$(TEST_HOST)";
				CODE_SIGN_STYLE = Automatic;
				CURRENT_PROJECT_VERSION = 1;
				DEVELOPMENT_TEAM = H4EJPVDUSS;
				GENERATE_INFOPLIST_FILE = YES;
				IPHONEOS_DEPLOYMENT_TARGET = 15.4;
				MARKETING_VERSION = 1.0;
				PRODUCT_BUNDLE_IDENTIFIER = dev.huynguyen.xkcdTests;
				PRODUCT_NAME = "$(TARGET_NAME)";
				SWIFT_EMIT_LOC_STRINGS = NO;
				SWIFT_VERSION = 5.0;
				TARGETED_DEVICE_FAMILY = "1,2";
				TEST_HOST = "$(BUILT_PRODUCTS_DIR)/xkcd.app/xkcd";
			};
			name = Release;
		};
		052F9AD2282AE36300D62F10 /* Debug */ = {
			isa = XCBuildConfiguration;
			buildSettings = {
				ALWAYS_EMBED_SWIFT_STANDARD_LIBRARIES = YES;
				CODE_SIGN_STYLE = Automatic;
				CURRENT_PROJECT_VERSION = 1;
				DEVELOPMENT_TEAM = H4EJPVDUSS;
				GENERATE_INFOPLIST_FILE = YES;
				MARKETING_VERSION = 1.0;
				PRODUCT_BUNDLE_IDENTIFIER = dev.huynguyen.xkcdUITests;
				PRODUCT_NAME = "$(TARGET_NAME)";
				SWIFT_EMIT_LOC_STRINGS = NO;
				SWIFT_VERSION = 5.0;
				TARGETED_DEVICE_FAMILY = "1,2";
				TEST_TARGET_NAME = xkcd;
			};
			name = Debug;
		};
		052F9AD3282AE36300D62F10 /* Release */ = {
			isa = XCBuildConfiguration;
			buildSettings = {
				ALWAYS_EMBED_SWIFT_STANDARD_LIBRARIES = YES;
				CODE_SIGN_STYLE = Automatic;
				CURRENT_PROJECT_VERSION = 1;
				DEVELOPMENT_TEAM = H4EJPVDUSS;
				GENERATE_INFOPLIST_FILE = YES;
				MARKETING_VERSION = 1.0;
				PRODUCT_BUNDLE_IDENTIFIER = dev.huynguyen.xkcdUITests;
				PRODUCT_NAME = "$(TARGET_NAME)";
				SWIFT_EMIT_LOC_STRINGS = NO;
				SWIFT_VERSION = 5.0;
				TARGETED_DEVICE_FAMILY = "1,2";
				TEST_TARGET_NAME = xkcd;
			};
			name = Release;
		};
/* End XCBuildConfiguration section */

/* Begin XCConfigurationList section */
		052F9A9C282AE36200D62F10 /* Build configuration list for PBXProject "xkcd" */ = {
			isa = XCConfigurationList;
			buildConfigurations = (
				052F9AC9282AE36300D62F10 /* Debug */,
				052F9ACA282AE36300D62F10 /* Release */,
			);
			defaultConfigurationIsVisible = 0;
			defaultConfigurationName = Release;
		};
		052F9ACB282AE36300D62F10 /* Build configuration list for PBXNativeTarget "xkcd" */ = {
			isa = XCConfigurationList;
			buildConfigurations = (
				052F9ACC282AE36300D62F10 /* Debug */,
				052F9ACD282AE36300D62F10 /* Release */,
			);
			defaultConfigurationIsVisible = 0;
			defaultConfigurationName = Release;
		};
		052F9ACE282AE36300D62F10 /* Build configuration list for PBXNativeTarget "xkcdTests" */ = {
			isa = XCConfigurationList;
			buildConfigurations = (
				052F9ACF282AE36300D62F10 /* Debug */,
				052F9AD0282AE36300D62F10 /* Release */,
			);
			defaultConfigurationIsVisible = 0;
			defaultConfigurationName = Release;
		};
		052F9AD1282AE36300D62F10 /* Build configuration list for PBXNativeTarget "xkcdUITests" */ = {
			isa = XCConfigurationList;
			buildConfigurations = (
				052F9AD2282AE36300D62F10 /* Debug */,
				052F9AD3282AE36300D62F10 /* Release */,
			);
			defaultConfigurationIsVisible = 0;
			defaultConfigurationName = Release;
		};
/* End XCConfigurationList section */
	};
	rootObject = 052F9A99282AE36200D62F10 /* Project object */;
}
